
Microsoft Visual Studio Solution File, Format Version 12.00
# Visual Studio Version 17
VisualStudioVersion = 17.14.36414.22 d17.14
MinimumVisualStudioVersion = 10.0.40219.1
Project("{FAE04EC0-301F-11D3-BF4B-00C04F79EFBC}") = "Fabrikshanteringssystem", "Fabrikshanteringssystem\Fabrikshanteringssystem.csproj", "{CBC5A8D0-6B3D-4DEC-86B2-C763EC7EC60D}"
EndProject
Global
	GlobalSection(SolutionConfigurationPlatforms) = preSolution
		Debug|Any CPU = Debug|Any CPU
		Release|Any CPU = Release|Any CPU
	EndGlobalSection
	GlobalSection(ProjectConfigurationPlatforms) = postSolution
		{CBC5A8D0-6B3D-4DEC-86B2-C763EC7EC60D}.Debug|Any CPU.ActiveCfg = Debug|Any CPU
		{CBC5A8D0-6B3D-4DEC-86B2-C763EC7EC60D}.Debug|Any CPU.Build.0 = Debug|Any CPU
		{CBC5A8D0-6B3D-4DEC-86B2-C763EC7EC60D}.Release|Any CPU.ActiveCfg = Release|Any CPU
		{CBC5A8D0-6B3D-4DEC-86B2-C763EC7EC60D}.Release|Any CPU.Build.0 = Release|Any CPU
	EndGlobalSection
	GlobalSection(SolutionProperties) = preSolution
		HideSolutionNode = FALSE
	EndGlobalSection
	GlobalSection(ExtensibilityGlobals) = postSolution
		SolutionGuid = {9ABECFFA-6472-4131-85DE-5FDECF86A08A}
	EndGlobalSection
EndGlobal
